
Microsoft Visual Studio Solution File, Format Version 12.00
# Visual Studio Version 16
VisualStudioVersion = 16.0.30002.166
MinimumVisualStudioVersion = 10.0.40219.1
Project("{FAE04EC0-301F-11D3-BF4B-00C04F79EFBC}") = "OOP_7", "OOP_7\OOP_7.csproj", "{176DCE37-FED8-4C54-9FE1-2501BEBFF6E5}"
EndProject
Project("{FAE04EC0-301F-11D3-BF4B-00C04F79EFBC}") = "OOP_7_Tests", "OOP_7_Tests\OOP_7_Tests.csproj", "{9E90B58D-0995-47FA-A4B6-E0B0A6C5AF3D}"
EndProject
Global
	GlobalSection(SolutionConfigurationPlatforms) = preSolution
		Debug|Any CPU = Debug|Any CPU
		Release|Any CPU = Release|Any CPU
	EndGlobalSection
	GlobalSection(ProjectConfigurationPlatforms) = postSolution
		{176DCE37-FED8-4C54-9FE1-2501BEBFF6E5}.Debug|Any CPU.ActiveCfg = Debug|Any CPU
		{176DCE37-FED8-4C54-9FE1-2501BEBFF6E5}.Debug|Any CPU.Build.0 = Debug|Any CPU
		{176DCE37-FED8-4C54-9FE1-2501BEBFF6E5}.Release|Any CPU.ActiveCfg = Release|Any CPU
		{176DCE37-FED8-4C54-9FE1-2501BEBFF6E5}.Release|Any CPU.Build.0 = Release|Any CPU
		{9E90B58D-0995-47FA-A4B6-E0B0A6C5AF3D}.Debug|Any CPU.ActiveCfg = Debug|Any CPU
		{9E90B58D-0995-47FA-A4B6-E0B0A6C5AF3D}.Debug|Any CPU.Build.0 = Debug|Any CPU
		{9E90B58D-0995-47FA-A4B6-E0B0A6C5AF3D}.Release|Any CPU.ActiveCfg = Release|Any CPU
		{9E90B58D-0995-47FA-A4B6-E0B0A6C5AF3D}.Release|Any CPU.Build.0 = Release|Any CPU
	EndGlobalSection
	GlobalSection(SolutionProperties) = preSolution
		HideSolutionNode = FALSE
	EndGlobalSection
	GlobalSection(ExtensibilityGlobals) = postSolution
		SolutionGuid = {58CCDC5D-8FEE-438F-B357-C5509F2CD8F8}
	EndGlobalSection
EndGlobal
